
Microsoft Visual Studio Solution File, Format Version 12.00
# Visual Studio Version 16
VisualStudioVersion = 16.0.31729.503
MinimumVisualStudioVersion = 10.0.40219.1
Project("{FAE04EC0-301F-11D3-BF4B-00C04F79EFBC}") = "VjezbaZaIspravakZad16", "VjezbaZaIspravakZad16\VjezbaZaIspravakZad16.csproj", "{15ADD226-4CE8-49E4-B901-46E61288D7D9}"
EndProject
Global
	GlobalSection(SolutionConfigurationPlatforms) = preSolution
		Debug|Any CPU = Debug|Any CPU
		Release|Any CPU = Release|Any CPU
	EndGlobalSection
	GlobalSection(ProjectConfigurationPlatforms) = postSolution
		{15ADD226-4CE8-49E4-B901-46E61288D7D9}.Debug|Any CPU.ActiveCfg = Debug|Any CPU
		{15ADD226-4CE8-49E4-B901-46E61288D7D9}.Debug|Any CPU.Build.0 = Debug|Any CPU
		{15ADD226-4CE8-49E4-B901-46E61288D7D9}.Release|Any CPU.ActiveCfg = Release|Any CPU
		{15ADD226-4CE8-49E4-B901-46E61288D7D9}.Release|Any CPU.Build.0 = Release|Any CPU
	EndGlobalSection
	GlobalSection(SolutionProperties) = preSolution
		HideSolutionNode = FALSE
	EndGlobalSection
	GlobalSection(ExtensibilityGlobals) = postSolution
		SolutionGuid = {DDE351C6-3E53-4E69-8577-10DA2FBF5312}
	EndGlobalSection
EndGlobal
