
Microsoft Visual Studio Solution File, Format Version 12.00
# Visual Studio Version 16
VisualStudioVersion = 16.0.31729.503
MinimumVisualStudioVersion = 10.0.40219.1
Project("{FAE04EC0-301F-11D3-BF4B-00C04F79EFBC}") = "VjezbaZaIspravakZad12", "VjezbaZaIspravakZad12\VjezbaZaIspravakZad12.csproj", "{2E749615-7A1A-422A-B29F-4191D7DAC215}"
EndProject
Global
	GlobalSection(SolutionConfigurationPlatforms) = preSolution
		Debug|Any CPU = Debug|Any CPU
		Release|Any CPU = Release|Any CPU
	EndGlobalSection
	GlobalSection(ProjectConfigurationPlatforms) = postSolution
		{2E749615-7A1A-422A-B29F-4191D7DAC215}.Debug|Any CPU.ActiveCfg = Debug|Any CPU
		{2E749615-7A1A-422A-B29F-4191D7DAC215}.Debug|Any CPU.Build.0 = Debug|Any CPU
		{2E749615-7A1A-422A-B29F-4191D7DAC215}.Release|Any CPU.ActiveCfg = Release|Any CPU
		{2E749615-7A1A-422A-B29F-4191D7DAC215}.Release|Any CPU.Build.0 = Release|Any CPU
	EndGlobalSection
	GlobalSection(SolutionProperties) = preSolution
		HideSolutionNode = FALSE
	EndGlobalSection
	GlobalSection(ExtensibilityGlobals) = postSolution
		SolutionGuid = {3870820C-7B3C-4D64-87DC-7C8C71F9580A}
	EndGlobalSection
EndGlobal
