
Microsoft Visual Studio Solution File, Format Version 12.00
# Visual Studio Version 16
VisualStudioVersion = 16.0.31729.503
MinimumVisualStudioVersion = 10.0.40219.1
Project("{FAE04EC0-301F-11D3-BF4B-00C04F79EFBC}") = "PripremaZaPrviKolokvij14", "PripremaZaPrviKolokvij14\PripremaZaPrviKolokvij14.csproj", "{3977621A-7FE6-4AE6-BD0B-8879FD599A28}"
EndProject
Global
	GlobalSection(SolutionConfigurationPlatforms) = preSolution
		Debug|Any CPU = Debug|Any CPU
		Release|Any CPU = Release|Any CPU
	EndGlobalSection
	GlobalSection(ProjectConfigurationPlatforms) = postSolution
		{3977621A-7FE6-4AE6-BD0B-8879FD599A28}.Debug|Any CPU.ActiveCfg = Debug|Any CPU
		{3977621A-7FE6-4AE6-BD0B-8879FD599A28}.Debug|Any CPU.Build.0 = Debug|Any CPU
		{3977621A-7FE6-4AE6-BD0B-8879FD599A28}.Release|Any CPU.ActiveCfg = Release|Any CPU
		{3977621A-7FE6-4AE6-BD0B-8879FD599A28}.Release|Any CPU.Build.0 = Release|Any CPU
	EndGlobalSection
	GlobalSection(SolutionProperties) = preSolution
		HideSolutionNode = FALSE
	EndGlobalSection
	GlobalSection(ExtensibilityGlobals) = postSolution
		SolutionGuid = {3F449E9F-F13B-4D6D-9E32-FB479F30485C}
	EndGlobalSection
EndGlobal
