
Microsoft Visual Studio Solution File, Format Version 12.00
# Visual Studio Version 16
VisualStudioVersion = 16.0.31729.503
MinimumVisualStudioVersion = 10.0.40219.1
Project("{FAE04EC0-301F-11D3-BF4B-00C04F79EFBC}") = "VjezbaZaIspravakZad23", "VjezbaZaIspravakZad23\VjezbaZaIspravakZad23.csproj", "{131EDE3A-24D0-48E7-B298-B3A1F4543AA8}"
EndProject
Global
	GlobalSection(SolutionConfigurationPlatforms) = preSolution
		Debug|Any CPU = Debug|Any CPU
		Release|Any CPU = Release|Any CPU
	EndGlobalSection
	GlobalSection(ProjectConfigurationPlatforms) = postSolution
		{131EDE3A-24D0-48E7-B298-B3A1F4543AA8}.Debug|Any CPU.ActiveCfg = Debug|Any CPU
		{131EDE3A-24D0-48E7-B298-B3A1F4543AA8}.Debug|Any CPU.Build.0 = Debug|Any CPU
		{131EDE3A-24D0-48E7-B298-B3A1F4543AA8}.Release|Any CPU.ActiveCfg = Release|Any CPU
		{131EDE3A-24D0-48E7-B298-B3A1F4543AA8}.Release|Any CPU.Build.0 = Release|Any CPU
	EndGlobalSection
	GlobalSection(SolutionProperties) = preSolution
		HideSolutionNode = FALSE
	EndGlobalSection
	GlobalSection(ExtensibilityGlobals) = postSolution
		SolutionGuid = {4B352873-8925-48C3-9798-041834A03C59}
	EndGlobalSection
EndGlobal
