
Microsoft Visual Studio Solution File, Format Version 12.00
# Visual Studio Version 16
VisualStudioVersion = 16.0.31729.503
MinimumVisualStudioVersion = 10.0.40219.1
Project("{FAE04EC0-301F-11D3-BF4B-00C04F79EFBC}") = "VjezbaZaIspravakZad13", "VjezbaZaIspravakZad13\VjezbaZaIspravakZad13.csproj", "{02881264-9D0F-4A65-83ED-4D26028F61C2}"
EndProject
Global
	GlobalSection(SolutionConfigurationPlatforms) = preSolution
		Debug|Any CPU = Debug|Any CPU
		Release|Any CPU = Release|Any CPU
	EndGlobalSection
	GlobalSection(ProjectConfigurationPlatforms) = postSolution
		{02881264-9D0F-4A65-83ED-4D26028F61C2}.Debug|Any CPU.ActiveCfg = Debug|Any CPU
		{02881264-9D0F-4A65-83ED-4D26028F61C2}.Debug|Any CPU.Build.0 = Debug|Any CPU
		{02881264-9D0F-4A65-83ED-4D26028F61C2}.Release|Any CPU.ActiveCfg = Release|Any CPU
		{02881264-9D0F-4A65-83ED-4D26028F61C2}.Release|Any CPU.Build.0 = Release|Any CPU
	EndGlobalSection
	GlobalSection(SolutionProperties) = preSolution
		HideSolutionNode = FALSE
	EndGlobalSection
	GlobalSection(ExtensibilityGlobals) = postSolution
		SolutionGuid = {868AFC71-3223-4EF3-8F5A-528C2174805D}
	EndGlobalSection
EndGlobal
