
Microsoft Visual Studio Solution File, Format Version 12.00
# Visual Studio Version 16
VisualStudioVersion = 16.0.31729.503
MinimumVisualStudioVersion = 10.0.40219.1
Project("{FAE04EC0-301F-11D3-BF4B-00C04F79EFBC}") = "PrviKolokvijDrugiZadatak", "PrviKolokvijDrugiZadatak\PrviKolokvijDrugiZadatak.csproj", "{DF711BA3-75EA-4B0C-BA32-14D3D1192552}"
EndProject
Global
	GlobalSection(SolutionConfigurationPlatforms) = preSolution
		Debug|Any CPU = Debug|Any CPU
		Release|Any CPU = Release|Any CPU
	EndGlobalSection
	GlobalSection(ProjectConfigurationPlatforms) = postSolution
		{DF711BA3-75EA-4B0C-BA32-14D3D1192552}.Debug|Any CPU.ActiveCfg = Debug|Any CPU
		{DF711BA3-75EA-4B0C-BA32-14D3D1192552}.Debug|Any CPU.Build.0 = Debug|Any CPU
		{DF711BA3-75EA-4B0C-BA32-14D3D1192552}.Release|Any CPU.ActiveCfg = Release|Any CPU
		{DF711BA3-75EA-4B0C-BA32-14D3D1192552}.Release|Any CPU.Build.0 = Release|Any CPU
	EndGlobalSection
	GlobalSection(SolutionProperties) = preSolution
		HideSolutionNode = FALSE
	EndGlobalSection
	GlobalSection(ExtensibilityGlobals) = postSolution
		SolutionGuid = {A9FDDCBF-6C1C-406E-A608-0F96441771FB}
	EndGlobalSection
EndGlobal
