
Microsoft Visual Studio Solution File, Format Version 12.00
# Visual Studio Version 16
VisualStudioVersion = 16.0.31729.503
MinimumVisualStudioVersion = 10.0.40219.1
Project("{FAE04EC0-301F-11D3-BF4B-00C04F79EFBC}") = "PripremaZaPrviKolokvij4", "PripremaZaPrviKolokvij4\PripremaZaPrviKolokvij4.csproj", "{D5E7FCEC-FE1D-43F3-BA28-66FB20A838DB}"
EndProject
Global
	GlobalSection(SolutionConfigurationPlatforms) = preSolution
		Debug|Any CPU = Debug|Any CPU
		Release|Any CPU = Release|Any CPU
	EndGlobalSection
	GlobalSection(ProjectConfigurationPlatforms) = postSolution
		{D5E7FCEC-FE1D-43F3-BA28-66FB20A838DB}.Debug|Any CPU.ActiveCfg = Debug|Any CPU
		{D5E7FCEC-FE1D-43F3-BA28-66FB20A838DB}.Debug|Any CPU.Build.0 = Debug|Any CPU
		{D5E7FCEC-FE1D-43F3-BA28-66FB20A838DB}.Release|Any CPU.ActiveCfg = Release|Any CPU
		{D5E7FCEC-FE1D-43F3-BA28-66FB20A838DB}.Release|Any CPU.Build.0 = Release|Any CPU
	EndGlobalSection
	GlobalSection(SolutionProperties) = preSolution
		HideSolutionNode = FALSE
	EndGlobalSection
	GlobalSection(ExtensibilityGlobals) = postSolution
		SolutionGuid = {B5CA701E-53D8-4FD1-AC3F-D0AD76FD239B}
	EndGlobalSection
EndGlobal
