
Microsoft Visual Studio Solution File, Format Version 12.00
# Visual Studio Version 16
VisualStudioVersion = 16.0.31729.503
MinimumVisualStudioVersion = 10.0.40219.1
Project("{FAE04EC0-301F-11D3-BF4B-00C04F79EFBC}") = "VjezbaZaIspravakZad17", "VjezbaZaIspravakZad17\VjezbaZaIspravakZad17.csproj", "{EB399865-3988-451D-A4C2-55DACEFDADB4}"
EndProject
Global
	GlobalSection(SolutionConfigurationPlatforms) = preSolution
		Debug|Any CPU = Debug|Any CPU
		Release|Any CPU = Release|Any CPU
	EndGlobalSection
	GlobalSection(ProjectConfigurationPlatforms) = postSolution
		{EB399865-3988-451D-A4C2-55DACEFDADB4}.Debug|Any CPU.ActiveCfg = Debug|Any CPU
		{EB399865-3988-451D-A4C2-55DACEFDADB4}.Debug|Any CPU.Build.0 = Debug|Any CPU
		{EB399865-3988-451D-A4C2-55DACEFDADB4}.Release|Any CPU.ActiveCfg = Release|Any CPU
		{EB399865-3988-451D-A4C2-55DACEFDADB4}.Release|Any CPU.Build.0 = Release|Any CPU
	EndGlobalSection
	GlobalSection(SolutionProperties) = preSolution
		HideSolutionNode = FALSE
	EndGlobalSection
	GlobalSection(ExtensibilityGlobals) = postSolution
		SolutionGuid = {5CAB2EEB-2ED3-484D-8FFE-E606A3725F4B}
	EndGlobalSection
EndGlobal
