
Microsoft Visual Studio Solution File, Format Version 12.00
# Visual Studio Version 16
VisualStudioVersion = 16.0.31729.503
MinimumVisualStudioVersion = 10.0.40219.1
Project("{FAE04EC0-301F-11D3-BF4B-00C04F79EFBC}") = "PripremaZaPrviKolokviji3", "PripremaZaPrviKolokviji3\PripremaZaPrviKolokviji3.csproj", "{BC8F5621-3C7D-42B3-B0C8-C97CD541F1A5}"
EndProject
Global
	GlobalSection(SolutionConfigurationPlatforms) = preSolution
		Debug|Any CPU = Debug|Any CPU
		Release|Any CPU = Release|Any CPU
	EndGlobalSection
	GlobalSection(ProjectConfigurationPlatforms) = postSolution
		{BC8F5621-3C7D-42B3-B0C8-C97CD541F1A5}.Debug|Any CPU.ActiveCfg = Debug|Any CPU
		{BC8F5621-3C7D-42B3-B0C8-C97CD541F1A5}.Debug|Any CPU.Build.0 = Debug|Any CPU
		{BC8F5621-3C7D-42B3-B0C8-C97CD541F1A5}.Release|Any CPU.ActiveCfg = Release|Any CPU
		{BC8F5621-3C7D-42B3-B0C8-C97CD541F1A5}.Release|Any CPU.Build.0 = Release|Any CPU
	EndGlobalSection
	GlobalSection(SolutionProperties) = preSolution
		HideSolutionNode = FALSE
	EndGlobalSection
	GlobalSection(ExtensibilityGlobals) = postSolution
		SolutionGuid = {524DA92C-4B6C-4C91-A6DD-AD6C78FC0FA2}
	EndGlobalSection
EndGlobal
